// !$*UTF8*$!
{
	archiveVersion = 1;
	classes = {
	};
	objectVersion = 50;
	objects = {

/* Begin PBXBuildFile section */
		8D905D0D24BD9F330029BBCC /* AppDelegate.swift in Sources */ = {isa = PBXBuildFile; fileRef = 8D905D0C24BD9F330029BBCC /* AppDelegate.swift */; };
		8D905D0F24BD9F330029BBCC /* SceneDelegate.swift in Sources */ = {isa = PBXBuildFile; fileRef = 8D905D0E24BD9F330029BBCC /* SceneDelegate.swift */; };
		8D905D1124BD9F330029BBCC /* ViewController.swift in Sources */ = {isa = PBXBuildFile; fileRef = 8D905D1024BD9F330029BBCC /* ViewController.swift */; };
		8D905D1424BD9F330029BBCC /* Main.storyboard in Resources */ = {isa = PBXBuildFile; fileRef = 8D905D1224BD9F330029BBCC /* Main.storyboard */; };
		8D905D1724BD9F330029BBCC /* CoronaTracker.xcdatamodeld in Sources */ = {isa = PBXBuildFile; fileRef = 8D905D1524BD9F330029BBCC /* CoronaTracker.xcdatamodeld */; };
		8D905D1924BD9F340029BBCC /* Assets.xcassets in Resources */ = {isa = PBXBuildFile; fileRef = 8D905D1824BD9F340029BBCC /* Assets.xcassets */; };
		8D905D1C24BD9F340029BBCC /* LaunchScreen.storyboard in Resources */ = {isa = PBXBuildFile; fileRef = 8D905D1A24BD9F340029BBCC /* LaunchScreen.storyboard */; };
/* End PBXBuildFile section */

/* Begin PBXFileReference section */
		8D905D0924BD9F330029BBCC /* CoronaTracker.app */ = {isa = PBXFileReference; explicitFileType = wrapper.application; includeInIndex = 0; path = CoronaTracker.app; sourceTree = BUILT_PRODUCTS_DIR; };
		8D905D0C24BD9F330029BBCC /* AppDelegate.swift */ = {isa = PBXFileReference; lastKnownFileType = sourcecode.swift; path = AppDelegate.swift; sourceTree = "<group>"; };
		8D905D0E24BD9F330029BBCC /* SceneDelegate.swift */ = {isa = PBXFileReference; lastKnownFileType = sourcecode.swift; path = SceneDelegate.swift; sourceTree = "<group>"; };
		8D905D1024BD9F330029BBCC /* ViewController.swift */ = {isa = PBXFileReference; lastKnownFileType = sourcecode.swift; path = ViewController.swift; sourceTree = "<group>"; };
		8D905D1324BD9F330029BBCC /* Base */ = {isa = PBXFileReference; lastKnownFileType = file.storyboard; name = Base; path = Base.lproj/Main.storyboard; sourceTree = "<group>"; };
		8D905D1624BD9F330029BBCC /* CoronaTracker.xcdatamodel */ = {isa = PBXFileReference; lastKnownFileType = wrapper.xcdatamodel; path = CoronaTracker.xcdatamodel; sourceTree = "<group>"; };
		8D905D1824BD9F340029BBCC /* Assets.xcassets */ = {isa = PBXFileReference; lastKnownFileType = folder.assetcatalog; path = Assets.xcassets; sourceTree = "<group>"; };
		8D905D1B24BD9F340029BBCC /* Base */ = {isa = PBXFileReference; lastKnownFileType = file.storyboard; name = Base; path = Base.lproj/LaunchScreen.storyboard; sourceTree = "<group>"; };
		8D905D1D24BD9F340029BBCC /* Info.plist */ = {isa = PBXFileReference; lastKnownFileType = text.plist.xml; path = Info.plist; sourceTree = "<group>"; };
/* End PBXFileReference section */

/* Begin PBXFrameworksBuildPhase section */
		8D905D0624BD9F330029BBCC /* Frameworks */ = {
			isa = PBXFrameworksBuildPhase;
			buildActionMask = 2147483647;
			files = (
			);
			runOnlyForDeploymentPostprocessing = 0;
		};
/* End PBXFrameworksBuildPhase section */

/* Begin PBXGroup section */
		8D905D0024BD9F330029BBCC = {
			isa = PBXGroup;
			children = (
				8D905D0B24BD9F330029BBCC /* CoronaTracker */,
				8D905D0A24BD9F330029BBCC /* Products */,
			);
			sourceTree = "<group>";
		};
		8D905D0A24BD9F330029BBCC /* Products */ = {
			isa = PBXGroup;
			children = (
				8D905D0924BD9F330029BBCC /* CoronaTracker.app */,
			);
			name = Products;
			sourceTree = "<group>";
		};
		8D905D0B24BD9F330029BBCC /* CoronaTracker */ = {
			isa = PBXGroup;
			children = (
				8D905D0C24BD9F330029BBCC /* AppDelegate.swift */,
				8D905D0E24BD9F330029BBCC /* SceneDelegate.swift */,
				8D905D1024BD9F330029BBCC /* ViewController.swift */,
				8D905D1224BD9F330029BBCC /* Main.storyboard */,
				8D905D1824BD9F340029BBCC /* Assets.xcassets */,
				8D905D1A24BD9F340029BBCC /* LaunchScreen.storyboard */,
				8D905D1D24BD9F340029BBCC /* Info.plist */,
				8D905D1524BD9F330029BBCC /* CoronaTracker.xcdatamodeld */,
			);
			path = CoronaTracker;
			sourceTree = "<group>";
		};
/* End PBXGroup section */

/* Begin PBXNativeTarget section */
		8D905D0824BD9F330029BBCC /* CoronaTracker */ = {
			isa = PBXNativeTarget;
			buildConfigurationList = 8D905D2024BD9F340029BBCC /* Build configuration list for PBXNativeTarget "CoronaTracker" */;
			buildPhases = (
				8D905D0524BD9F330029BBCC /* Sources */,
				8D905D0624BD9F330029BBCC /* Frameworks */,
				8D905D0724BD9F330029BBCC /* Resources */,
			);
			buildRules = (
			);
			dependencies = (
			);
			name = CoronaTracker;
			productName = CoronaTracker;
			productReference = 8D905D0924BD9F330029BBCC /* CoronaTracker.app */;
			productType = "com.apple.product-type.application";
		};
/* End PBXNativeTarget section */

/* Begin PBXProject section */
		8D905D0124BD9F330029BBCC /* Project object */ = {
			isa = PBXProject;
			attributes = {
				LastSwiftUpdateCheck = 1140;
				LastUpgradeCheck = 1140;
				ORGANIZATIONNAME = "Tushar Elangovan";
				TargetAttributes = {
					8D905D0824BD9F330029BBCC = {
						CreatedOnToolsVersion = 11.4;
					};
				};
			};
			buildConfigurationList = 8D905D0424BD9F330029BBCC /* Build configuration list for PBXProject "CoronaTracker" */;
			compatibilityVersion = "Xcode 9.3";
			developmentRegion = en;
			hasScannedForEncodings = 0;
			knownRegions = (
				en,
				Base,
			);
			mainGroup = 8D905D0024BD9F330029BBCC;
			productRefGroup = 8D905D0A24BD9F330029BBCC /* Products */;
			projectDirPath = "";
			projectRoot = "";
			targets = (
				8D905D0824BD9F330029BBCC /* CoronaTracker */,
			);
		};
/* End PBXProject section */

/* Begin PBXResourcesBuildPhase section */
		8D905D0724BD9F330029BBCC /* Resources */ = {
			isa = PBXResourcesBuildPhase;
			buildActionMask = 2147483647;
			files = (
				8D905D1C24BD9F340029BBCC /* LaunchScreen.storyboard in Resources */,
				8D905D1924BD9F340029BBCC /* Assets.xcassets in Resources */,
				8D905D1424BD9F330029BBCC /* Main.storyboard in Resources */,
			);
			runOnlyForDeploymentPostprocessing = 0;
		};
/* End PBXResourcesBuildPhase section */

/* Begin PBXSourcesBuildPhase section */
		8D905D0524BD9F330029BBCC /* Sources */ = {
			isa = PBXSourcesBuildPhase;
			buildActionMask = 2147483647;
			files = (
				8D905D1724BD9F330029BBCC /* CoronaTracker.xcdatamodeld in Sources */,
				8D905D1124BD9F330029BBCC /* ViewController.swift in Sources */,
				8D905D0D24BD9F330029BBCC /* AppDelegate.swift in Sources */,
				8D905D0F24BD9F330029BBCC /* SceneDelegate.swift in Sources */,
			);
			runOnlyForDeploymentPostprocessing = 0;
		};
/* End PBXSourcesBuildPhase section */

/* Begin PBXVariantGroup section */
		8D905D1224BD9F330029BBCC /* Main.storyboard */ = {
			isa = PBXVariantGroup;
			children = (
				8D905D1324BD9F330029BBCC /* Base */,
			);
			name = Main.storyboard;
			sourceTree = "<group>";
		};
		8D905D1A24BD9F340029BBCC /* LaunchScreen.storyboard */ = {
			isa = PBXVariantGroup;
			children = (
				8D905D1B24BD9F340029BBCC /* Base */,
			);
			name = LaunchScreen.storyboard;
			sourceTree = "<group>";
		};
/* End PBXVariantGroup section */

/* Begin XCBuildConfiguration section */
		8D905D1E24BD9F340029BBCC /* Debug */ = {
			isa = XCBuildConfiguration;
			buildSettings = {
				ALWAYS_SEARCH_USER_PATHS = NO;
				CLANG_ANALYZER_NONNULL = YES;
				CLANG_ANALYZER_NUMBER_OBJECT_CONVERSION = YES_AGGRESSIVE;
				CLANG_CXX_LANGUAGE_STANDARD = "gnu++14";
				CLANG_CXX_LIBRARY = "libc++";
				CLANG_ENABLE_MODULES = YES;
				CLANG_ENABLE_OBJC_ARC = YES;
				CLANG_ENABLE_OBJC_WEAK = YES;
				CLANG_WARN_BLOCK_CAPTURE_AUTORELEASING = YES;
				CLANG_WARN_BOOL_CONVERSION = YES;
				CLANG_WARN_COMMA = YES;
				CLANG_WARN_CONSTANT_CONVERSION = YES;
				CLANG_WARN_DEPRECATED_OBJC_IMPLEMENTATIONS = YES;
				CLANG_WARN_DIRECT_OBJC_ISA_USAGE = YES_ERROR;
				CLANG_WARN_DOCUMENTATION_COMMENTS = YES;
				CLANG_WARN_EMPTY_BODY = YES;
				CLANG_WARN_ENUM_CONVERSION = YES;
				CLANG_WARN_INFINITE_RECURSION = YES;
				CLANG_WARN_INT_CONVERSION = YES;
				CLANG_WARN_NON_LITERAL_NULL_CONVERSION = YES;
				CLANG_WARN_OBJC_IMPLICIT_RETAIN_SELF = YES;
				CLANG_WARN_OBJC_LITERAL_CONVERSION = YES;
				CLANG_WARN_OBJC_ROOT_CLASS = YES_ERROR;
				CLANG_WARN_RANGE_LOOP_ANALYSIS = YES;
				CLANG_WARN_STRICT_PROTOTYPES = YES;
				CLANG_WARN_SUSPICIOUS_MOVE = YES;
				CLANG_WARN_UNGUARDED_AVAILABILITY = YES_AGGRESSIVE;
				CLANG_WARN_UNREACHABLE_CODE = YES;
				CLANG_WARN__DUPLICATE_METHOD_MATCH = YES;
				COPY_PHASE_STRIP = NO;
				DEBUG_INFORMATION_FORMAT = dwarf;
				ENABLE_STRICT_OBJC_MSGSEND = YES;
				ENABLE_TESTABILITY = YES;
				GCC_C_LANGUAGE_STANDARD = gnu11;
				GCC_DYNAMIC_NO_PIC = NO;
				GCC_NO_COMMON_BLOCKS = YES;
				GCC_OPTIMIZATION_LEVEL = 0;
				GCC_PREPROCESSOR_DEFINITIONS = (
					"DEBUG=1",
					"$(inherited)",
				);
				GCC_WARN_64_TO_32_BIT_CONVERSION = YES;
				GCC_WARN_ABOUT_RETURN_TYPE = YES_ERROR;
				GCC_WARN_UNDECLARED_SELECTOR = YES;
				GCC_WARN_UNINITIALIZED_AUTOS = YES_AGGRESSIVE;
				GCC_WARN_UNUSED_FUNCTION = YES;
				GCC_WARN_UNUSED_VARIABLE = YES;
				IPHONEOS_DEPLOYMENT_TARGET = 13.4;
				MTL_ENABLE_DEBUG_INFO = INCLUDE_SOURCE;
				MTL_FAST_MATH = YES;
				ONLY_ACTIVE_ARCH = YES;
				SDKROOT = iphoneos;
				SWIFT_ACTIVE_COMPILATION_CONDITIONS = DEBUG;
				SWIFT_OPTIMIZATION_LEVEL = "-Onone";
			};
			name = Debug;
		};
		8D905D1F24BD9F340029BBCC /* Release */ = {
			isa = XCBuildConfiguration;
			buildSettings = {
				ALWAYS_SEARCH_USER_PATHS = NO;
				CLANG_ANALYZER_NONNULL = YES;
				CLANG_ANALYZER_NUMBER_OBJECT_CONVERSION = YES_AGGRESSIVE;
				CLANG_CXX_LANGUAGE_STANDARD = "gnu++14";
				CLANG_CXX_LIBRARY = "libc++";
				CLANG_ENABLE_MODULES = YES;
				CLANG_ENABLE_OBJC_ARC = YES;
				CLANG_ENABLE_OBJC_WEAK = YES;
				CLANG_WARN_BLOCK_CAPTURE_AUTORELEASING = YES;
				CLANG_WARN_BOOL_CONVERSION = YES;
				CLANG_WARN_COMMA = YES;
				CLANG_WARN_CONSTANT_CONVERSION = YES;
				CLANG_WARN_DEPRECATED_OBJC_IMPLEMENTATIONS = YES;
				CLANG_WARN_DIRECT_OBJC_ISA_USAGE = YES_ERROR;
				CLANG_WARN_DOCUMENTATION_COMMENTS = YES;
				CLANG_WARN_EMPTY_BODY = YES;
				CLANG_WARN_ENUM_CONVERSION = YES;
				CLANG_WARN_INFINITE_RECURSION = YES;
				CLANG_WARN_INT_CONVERSION = YES;
				CLANG_WARN_NON_LITERAL_NULL_CONVERSION = YES;
				CLANG_WARN_OBJC_IMPLICIT_RETAIN_SELF = YES;
				CLANG_WARN_OBJC_LITERAL_CONVERSION = YES;
				CLANG_WARN_OBJC_ROOT_CLASS = YES_ERROR;
				CLANG_WARN_RANGE_LOOP_ANALYSIS = YES;
				CLANG_WARN_STRICT_PROTOTYPES = YES;
				CLANG_WARN_SUSPICIOUS_MOVE = YES;
				CLANG_WARN_UNGUARDED_AVAILABILITY = YES_AGGRESSIVE;
				CLANG_WARN_UNREACHABLE_CODE = YES;
				CLANG_WARN__DUPLICATE_METHOD_MATCH = YES;
				COPY_PHASE_STRIP = NO;
				DEBUG_INFORMATION_FORMAT = "dwarf-with-dsym";
				ENABLE_NS_ASSERTIONS = NO;
				ENABLE_STRICT_OBJC_MSGSEND = YES;
				GCC_C_LANGUAGE_STANDARD = gnu11;
				GCC_NO_COMMON_BLOCKS = YES;
				GCC_WARN_64_TO_32_BIT_CONVERSION = YES;
				GCC_WARN_ABOUT_RETURN_TYPE = YES_ERROR;
				GCC_WARN_UNDECLARED_SELECTOR = YES;
				GCC_WARN_UNINITIALIZED_AUTOS = YES_AGGRESSIVE;
				GCC_WARN_UNUSED_FUNCTION = YES;
				GCC_WARN_UNUSED_VARIABLE = YES;
				IPHONEOS_DEPLOYMENT_TARGET = 13.4;
				MTL_ENABLE_DEBUG_INFO = NO;
				MTL_FAST_MATH = YES;
				SDKROOT = iphoneos;
				SWIFT_COMPILATION_MODE = wholemodule;
				SWIFT_OPTIMIZATION_LEVEL = "-O";
				VALIDATE_PRODUCT = YES;
			};
			name = Release;
		};
		8D905D2124BD9F340029BBCC /* Debug */ = {
			isa = XCBuildConfiguration;
			buildSettings = {
				ASSETCATALOG_COMPILER_APPICON_NAME = AppIcon;
				CODE_SIGN_STYLE = Automatic;
				DEVELOPMENT_TEAM = G879XHMX6G;
				INFOPLIST_FILE = CoronaTracker/Info.plist;
				LD_RUNPATH_SEARCH_PATHS = (
					"$(inherited)",
					"@executable_path/Frameworks",
				);
				PRODUCT_BUNDLE_IDENTIFIER = tushar.firstapp.CoronaTracker;
				PRODUCT_NAME = "$(TARGET_NAME)";
				SWIFT_VERSION = 5.0;
				TARGETED_DEVICE_FAMILY = "1,2";
			};
			name = Debug;
		};
		8D905D2224BD9F340029BBCC /* Release */ = {
			isa = XCBuildConfiguration;
			buildSettings = {
				ASSETCATALOG_COMPILER_APPICON_NAME = AppIcon;
				CODE_SIGN_STYLE = Automatic;
				DEVELOPMENT_TEAM = G879XHMX6G;
				INFOPLIST_FILE = CoronaTracker/Info.plist;
				LD_RUNPATH_SEARCH_PATHS = (
					"$(inherited)",
					"@executable_path/Frameworks",
				);
				PRODUCT_BUNDLE_IDENTIFIER = tushar.firstapp.CoronaTracker;
				PRODUCT_NAME = "$(TARGET_NAME)";
				SWIFT_VERSION = 5.0;
				TARGETED_DEVICE_FAMILY = "1,2";
			};
			name = Release;
		};
/* End XCBuildConfiguration section */

/* Begin XCConfigurationList section */
		8D905D0424BD9F330029BBCC /* Build configuration list for PBXProject "CoronaTracker" */ = {
			isa = XCConfigurationList;
			buildConfigurations = (
				8D905D1E24BD9F340029BBCC /* Debug */,
				8D905D1F24BD9F340029BBCC /* Release */,
			);
			defaultConfigurationIsVisible = 0;
			defaultConfigurationName = Release;
		};
		8D905D2024BD9F340029BBCC /* Build configuration list for PBXNativeTarget "CoronaTracker" */ = {
			isa = XCConfigurationList;
			buildConfigurations = (
				8D905D2124BD9F340029BBCC /* Debug */,
				8D905D2224BD9F340029BBCC /* Release */,
			);
			defaultConfigurationIsVisible = 0;
			defaultConfigurationName = Release;
		};
/* End XCConfigurationList section */

/* Begin XCVersionGroup section */
		8D905D1524BD9F330029BBCC /* CoronaTracker.xcdatamodeld */ = {
			isa = XCVersionGroup;
			children = (
				8D905D1624BD9F330029BBCC /* CoronaTracker.xcdatamodel */,
			);
			currentVersion = 8D905D1624BD9F330029BBCC /* CoronaTracker.xcdatamodel */;
			path = CoronaTracker.xcdatamodeld;
			sourceTree = "<group>";
			versionGroupType = wrapper.xcdatamodel;
		};
/* End XCVersionGroup section */
	};
	rootObject = 8D905D0124BD9F330029BBCC /* Project object */;
}
